
Microsoft Visual Studio Solution File, Format Version 12.00
# Visual Studio 15
VisualStudioVersion = 15.0.28307.539
MinimumVisualStudioVersion = 10.0.40219.1
Project("{FAE04EC0-301F-11D3-BF4B-00C04F79EFBC}") = "priprema_za_klkv", "priprema_za_klkv\priprema_za_klkv.csproj", "{0A6F72B4-4F84-4EA0-9FFC-56E6229C53BF}"
EndProject
Global
	GlobalSection(SolutionConfigurationPlatforms) = preSolution
		Debug|Any CPU = Debug|Any CPU
		Release|Any CPU = Release|Any CPU
	EndGlobalSection
	GlobalSection(ProjectConfigurationPlatforms) = postSolution
		{0A6F72B4-4F84-4EA0-9FFC-56E6229C53BF}.Debug|Any CPU.ActiveCfg = Debug|Any CPU
		{0A6F72B4-4F84-4EA0-9FFC-56E6229C53BF}.Debug|Any CPU.Build.0 = Debug|Any CPU
		{0A6F72B4-4F84-4EA0-9FFC-56E6229C53BF}.Release|Any CPU.ActiveCfg = Release|Any CPU
		{0A6F72B4-4F84-4EA0-9FFC-56E6229C53BF}.Release|Any CPU.Build.0 = Release|Any CPU
	EndGlobalSection
	GlobalSection(SolutionProperties) = preSolution
		HideSolutionNode = FALSE
	EndGlobalSection
	GlobalSection(ExtensibilityGlobals) = postSolution
		SolutionGuid = {847FF563-E4CE-4520-A626-D95B367643D2}
	EndGlobalSection
EndGlobal
